<?xml version='1.0' encoding='utf8'?>
<CodeBlocks_project_file>
  <FileVersion major="1" minor="6" />
  <Project>
    <Option title="_MLAxisEdgeMask" />
    <Option makefile="/home/wieke/git-workplace/cadmi/ANODE09/General/Sources/ML/_MLAxisEdgeMask/Makefile._MLAxisEdgeMask" />
    <Option makefile_is_custom="1" />
    <Option compiler="gcc" />
    <Build>
      <Target title="all">
        <Option extension_auto="1" output="/opt/MeVisLab2.5.1GCC-4.6.3/Packages/MeVisLab/IDE/bin/MeVisLab" prefix_auto="1" />
        <Option type="0" />
        <Option compiler="gcc" />
        <MakeCommands>
          <Build command="$make -k -f $makefile $target" />
          <CompileFile command="$make -k -f $makefile $file" />
          <Clean command="$make -k -f $makefile clean$target" />
          <DistClean command="$make -k -f $makefile distclean$target" />
        </MakeCommands>
      </Target><Target title="release">
        <Option extension_auto="1" output="/opt/MeVisLab2.5.1GCC-4.6.3/Packages/MeVisLab/IDE/bin/MeVisLab" prefix_auto="1" />
        <Option type="0" />
        <Option compiler="gcc" />
        <MakeCommands>
          <Build command="$make -k -f $makefile -j 4 $target" />
          <CompileFile command="$make -k -f $makefile $file" />
          <Clean command="$make -k -f $makefile clean$target" />
          <DistClean command="$make -k -f $makefile distclean$target" />
        </MakeCommands>
      </Target><Target title="debug">
        <Option extension_auto="1" output="/opt/MeVisLab2.5.1GCC-4.6.3/Packages/MeVisLab/IDE/bin/MeVisLab_d" prefix_auto="1" />
        <Option type="0" />
        <Option compiler="gcc" />
        <Compiler>
          <Add option="-g" />
        </Compiler><MakeCommands>
          <Build command="$make -k -f $makefile -j 4 $target" />
          <CompileFile command="$make -k -f $makefile $file" />
          <Clean command="$make -k -f $makefile clean$target" />
          <DistClean command="$make -k -f $makefile distclean$target" />
        </MakeCommands>
      </Target>
    </Build><Unit filename="_MLAxisEdgeMaskInit.h" />
    <Unit filename="_MLAxisEdgeMaskSystem.h" />
    <Unit filename="mlAxisEdgeMaskOutputImageHandler.h" />
    <Unit filename="mlAxisEdgeMask.h" />
    <Unit filename="_MLAxisEdgeMaskInit.cpp" />
    <Unit filename="mlAxisEdgeMaskOutputImageHandler.cpp" />
    <Unit filename="mlAxisEdgeMask.cpp" />
    <Unit filename="message(__CBP_MARKER_HEADERS__" />
    <Unit filename="_MLAxisEdgeMaskInit.h" />
    <Unit filename="_MLAxisEdgeMaskSystem.h" />
    <Unit filename="mlAxisEdgeMaskOutputImageHandler.h" />
    <Unit filename="mlAxisEdgeMask.h" />
    <Unit filename="__CBP_MARKER_HEADERS__)" />
    <Unit filename="_MLAxisEdgeMask.pro">
      <Option target="All" />
    </Unit><Extensions>
      <code_completion>
        <search_path add="/opt/MeVisLab2.5.1GCC-4.6.3/Packages/MeVis/Foundation/Sources/SharedIncludes" />
        <search_path add="/opt/MeVisLab2.5.1GCC-4.6.3/Packages/MeVis/Foundation/Sources/ML/include/deprecated" />
        <search_path add="/opt/MeVisLab2.5.1GCC-4.6.3/Packages/MeVis/Foundation/Sources/ML/include" />
        <search_path add="/opt/MeVisLab2.5.1GCC-4.6.3/Packages/MeVis/Foundation/Sources/MLLinearAlgebra/deprecated" />
        <search_path add="/opt/MeVisLab2.5.1GCC-4.6.3/Packages/MeVis/Foundation/Sources/MLLinearAlgebra" />
        <search_path add="/opt/MeVisLab2.5.1GCC-4.6.3/Packages/MeVis/Foundation/Sources/MLProfilingManager/Include" />
        <search_path add="/opt/MeVisLab2.5.1GCC-4.6.3/Packages/MeVis/Foundation/Sources/MLUtilities" />
        <search_path add="/opt/MeVisLab2.5.1GCC-4.6.3/Packages/MeVis/Foundation/Sources/MLMemoryManager/Include" />
      </code_completion><debugger />
    </Extensions>
  </Project>
</CodeBlocks_project_file>